
Microsoft Visual Studio Solution File, Format Version 12.00
# Visual Studio Version 17
VisualStudioVersion = 17.11.35431.28
MinimumVisualStudioVersion = 10.0.40219.1
Project("{FAE04EC0-301F-11D3-BF4B-00C04F79EFBC}") = "RefazerCalculadora", "RefazerCalculadora.csproj", "{7C43F6C4-9AA4-4A94-8853-77CE754CE2F9}"
EndProject
Global
	GlobalSection(SolutionConfigurationPlatforms) = preSolution
		Debug|Any CPU = Debug|Any CPU
		Release|Any CPU = Release|Any CPU
	EndGlobalSection
	GlobalSection(ProjectConfigurationPlatforms) = postSolution
		{7C43F6C4-9AA4-4A94-8853-77CE754CE2F9}.Debug|Any CPU.ActiveCfg = Debug|Any CPU
		{7C43F6C4-9AA4-4A94-8853-77CE754CE2F9}.Debug|Any CPU.Build.0 = Debug|Any CPU
		{7C43F6C4-9AA4-4A94-8853-77CE754CE2F9}.Release|Any CPU.ActiveCfg = Release|Any CPU
		{7C43F6C4-9AA4-4A94-8853-77CE754CE2F9}.Release|Any CPU.Build.0 = Release|Any CPU
	EndGlobalSection
	GlobalSection(SolutionProperties) = preSolution
		HideSolutionNode = FALSE
	EndGlobalSection
	GlobalSection(ExtensibilityGlobals) = postSolution
		SolutionGuid = {083765FA-6CBB-4E80-8E52-0D36407506CF}
	EndGlobalSection
EndGlobal
